
Microsoft Visual Studio Solution File, Format Version 12.00
# Visual Studio Version 17
VisualStudioVersion = 17.10.35027.167
MinimumVisualStudioVersion = 10.0.40219.1
Project("{FAE04EC0-301F-11D3-BF4B-00C04F79EFBC}") = "HDRICubemapConverter", "HDRICubemapConverter.csproj", "{5F9A520C-0274-4E03-8A40-E363D75EFB39}"
EndProject
Global
	GlobalSection(SolutionConfigurationPlatforms) = preSolution
		Debug|Any CPU = Debug|Any CPU
		Release|Any CPU = Release|Any CPU
	EndGlobalSection
	GlobalSection(ProjectConfigurationPlatforms) = postSolution
		{5F9A520C-0274-4E03-8A40-E363D75EFB39}.Debug|Any CPU.ActiveCfg = Debug|Any CPU
		{5F9A520C-0274-4E03-8A40-E363D75EFB39}.Debug|Any CPU.Build.0 = Debug|Any CPU
		{5F9A520C-0274-4E03-8A40-E363D75EFB39}.Release|Any CPU.ActiveCfg = Release|Any CPU
		{5F9A520C-0274-4E03-8A40-E363D75EFB39}.Release|Any CPU.Build.0 = Release|Any CPU
	EndGlobalSection
	GlobalSection(SolutionProperties) = preSolution
		HideSolutionNode = FALSE
	EndGlobalSection
	GlobalSection(ExtensibilityGlobals) = postSolution
		SolutionGuid = {86AC7DE4-24F9-464E-BC8E-EF4D0E502668}
	EndGlobalSection
EndGlobal
